
Microsoft Visual Studio Solution File, Format Version 12.00
# Visual Studio Version 17
VisualStudioVersion = 17.3.32922.545
MinimumVisualStudioVersion = 10.0.40219.1
Project("{FAE04EC0-301F-11D3-BF4B-00C04F79EFBC}") = "ProjAbracaPetsMongoDB", "ProjAbracaPetsMongoDB\ProjAbracaPetsMongoDB.csproj", "{49ADA3FC-5705-4FE2-92C3-24F1EC81BB7C}"
EndProject
Global
	GlobalSection(SolutionConfigurationPlatforms) = preSolution
		Debug|Any CPU = Debug|Any CPU
		Release|Any CPU = Release|Any CPU
	EndGlobalSection
	GlobalSection(ProjectConfigurationPlatforms) = postSolution
		{49ADA3FC-5705-4FE2-92C3-24F1EC81BB7C}.Debug|Any CPU.ActiveCfg = Debug|Any CPU
		{49ADA3FC-5705-4FE2-92C3-24F1EC81BB7C}.Debug|Any CPU.Build.0 = Debug|Any CPU
		{49ADA3FC-5705-4FE2-92C3-24F1EC81BB7C}.Release|Any CPU.ActiveCfg = Release|Any CPU
		{49ADA3FC-5705-4FE2-92C3-24F1EC81BB7C}.Release|Any CPU.Build.0 = Release|Any CPU
	EndGlobalSection
	GlobalSection(SolutionProperties) = preSolution
		HideSolutionNode = FALSE
	EndGlobalSection
	GlobalSection(ExtensibilityGlobals) = postSolution
		SolutionGuid = {5C4863C3-F424-458F-9DB4-F54D1A752849}
	EndGlobalSection
EndGlobal
